
Microsoft Visual Studio Solution File, Format Version 12.00
# Visual Studio Version 17
VisualStudioVersion = 17.6.33815.320
MinimumVisualStudioVersion = 10.0.40219.1
Project("{FAE04EC0-301F-11D3-BF4B-00C04F79EFBC}") = "The Binding Of Student", "The Binding Of Student\The Binding Of Student.csproj", "{4BED8B84-3D2F-4710-88C1-C7E9CE75E90D}"
EndProject
Global
	GlobalSection(SolutionConfigurationPlatforms) = preSolution
		Debug|Any CPU = Debug|Any CPU
		Release|Any CPU = Release|Any CPU
	EndGlobalSection
	GlobalSection(ProjectConfigurationPlatforms) = postSolution
		{4BED8B84-3D2F-4710-88C1-C7E9CE75E90D}.Debug|Any CPU.ActiveCfg = Debug|Any CPU
		{4BED8B84-3D2F-4710-88C1-C7E9CE75E90D}.Debug|Any CPU.Build.0 = Debug|Any CPU
		{4BED8B84-3D2F-4710-88C1-C7E9CE75E90D}.Release|Any CPU.ActiveCfg = Release|Any CPU
		{4BED8B84-3D2F-4710-88C1-C7E9CE75E90D}.Release|Any CPU.Build.0 = Release|Any CPU
	EndGlobalSection
	GlobalSection(SolutionProperties) = preSolution
		HideSolutionNode = FALSE
	EndGlobalSection
	GlobalSection(ExtensibilityGlobals) = postSolution
		SolutionGuid = {328807E0-3AFA-4E3C-A275-C75053E90DA5}
	EndGlobalSection
EndGlobal
